// !$*UTF8*$!
{
	archiveVersion = 1;
	classes = {
	};
	objectVersion = 56;
	objects = {

/* Begin PBXBuildFile section */
		E17FC70D2F269364000D0F45 /* LockWorkApp.swift in Sources */ = {isa = PBXBuildFile; fileRef = E17FC70C2F269364000D0F45 /* LockWorkApp.swift */; };
		E17FC70F2F269364000D0F45 /* ContentView.swift in Sources */ = {isa = PBXBuildFile; fileRef = E17FC70E2F269364000D0F45 /* ContentView.swift */; };
		E17FC7112F269367000D0F45 /* Assets.xcassets in Resources */ = {isa = PBXBuildFile; fileRef = E17FC7102F269367000D0F45 /* Assets.xcassets */; };
		E17FC7142F269367000D0F45 /* Preview Assets.xcassets in Resources */ = {isa = PBXBuildFile; fileRef = E17FC7132F269367000D0F45 /* Preview Assets.xcassets */; };
		E17FC71E2F269367000D0F45 /* LockWorkTests.swift in Sources */ = {isa = PBXBuildFile; fileRef = E17FC71D2F269367000D0F45 /* LockWorkTests.swift */; };
		E17FC7282F269367000D0F45 /* LockWorkUITests.swift in Sources */ = {isa = PBXBuildFile; fileRef = E17FC7272F269367000D0F45 /* LockWorkUITests.swift */; };
		E17FC72A2F269367000D0F45 /* LockWorkUITestsLaunchTests.swift in Sources */ = {isa = PBXBuildFile; fileRef = E17FC7292F269367000D0F45 /* LockWorkUITestsLaunchTests.swift */; };
		E17FC7372F26AB76000D0F45 /* PhoneVerificationView.swift in Sources */ = {isa = PBXBuildFile; fileRef = E17FC7362F26AB76000D0F45 /* PhoneVerificationView.swift */; };
		E17FC7392F26B462000D0F45 /* VerificationSuccess.swift in Sources */ = {isa = PBXBuildFile; fileRef = E17FC7382F26B462000D0F45 /* VerificationSuccess.swift */; };
		E17FC73B2F26B5A9000D0F45 /* ProfileTrustSignalsOne.swift in Sources */ = {isa = PBXBuildFile; fileRef = E17FC73A2F26B5A9000D0F45 /* ProfileTrustSignalsOne.swift */; };
		E17FC73D2F26B76D000D0F45 /* ProfileTrustSignalsTwo.swift in Sources */ = {isa = PBXBuildFile; fileRef = E17FC73C2F26B76D000D0F45 /* ProfileTrustSignalsTwo.swift */; };
		E17FC73F2F26B804000D0F45 /* ProfileTrustSignalsThree.swift in Sources */ = {isa = PBXBuildFile; fileRef = E17FC73E2F26B804000D0F45 /* ProfileTrustSignalsThree.swift */; };
		E17FC7412F27D57F000D0F45 /* DiscoveryAndMatching.swift in Sources */ = {isa = PBXBuildFile; fileRef = E17FC7402F27D57F000D0F45 /* DiscoveryAndMatching.swift */; };
		E17FC7432F27D9FF000D0F45 /* DiscoveryAndMatchingLocation.swift in Sources */ = {isa = PBXBuildFile; fileRef = E17FC7422F27D9FF000D0F45 /* DiscoveryAndMatchingLocation.swift */; };
		E17FC7452F27DA33000D0F45 /* DiscoveryAndMatchingResults.swift in Sources */ = {isa = PBXBuildFile; fileRef = E17FC7442F27DA33000D0F45 /* DiscoveryAndMatchingResults.swift */; };
		E17FC7472F27DA62000D0F45 /* InteractionAndSchedulingPage.swift in Sources */ = {isa = PBXBuildFile; fileRef = E17FC7462F27DA62000D0F45 /* InteractionAndSchedulingPage.swift */; };
		E17FC7492F27DA8D000D0F45 /* InteractionAndSchedulingTwo.swift in Sources */ = {isa = PBXBuildFile; fileRef = E17FC7482F27DA8D000D0F45 /* InteractionAndSchedulingTwo.swift */; };
		E17FC74B2F27DAAA000D0F45 /* InteractionAndSchedulingThree.swift in Sources */ = {isa = PBXBuildFile; fileRef = E17FC74A2F27DAAA000D0F45 /* InteractionAndSchedulingThree.swift */; };
		E17FC74D2F27DAF5000D0F45 /* MessagingPartOne.swift in Sources */ = {isa = PBXBuildFile; fileRef = E17FC74C2F27DAF5000D0F45 /* MessagingPartOne.swift */; };
		E17FC7502F27FC53000D0F45 /* MessagingChatHistory.swift in Sources */ = {isa = PBXBuildFile; fileRef = E17FC74F2F27FC53000D0F45 /* MessagingChatHistory.swift */; };
		E17FC7532F281136000D0F45 /* TitleRow.swift in Sources */ = {isa = PBXBuildFile; fileRef = E17FC7522F281136000D0F45 /* TitleRow.swift */; };
		E17FC7562F2A6C39000D0F45 /* Message.swift in Sources */ = {isa = PBXBuildFile; fileRef = E17FC7552F2A6C39000D0F45 /* Message.swift */; };
		E17FC7582F2A6F7C000D0F45 /* MessageBubble.swift in Sources */ = {isa = PBXBuildFile; fileRef = E17FC7572F2A6F7C000D0F45 /* MessageBubble.swift */; };
		E17FC75A2F2AE16A000D0F45 /* MessageField.swift in Sources */ = {isa = PBXBuildFile; fileRef = E17FC7592F2AE16A000D0F45 /* MessageField.swift */; };
/* End PBXBuildFile section */

/* Begin PBXContainerItemProxy section */
		E17FC71A2F269367000D0F45 /* PBXContainerItemProxy */ = {
			isa = PBXContainerItemProxy;
			containerPortal = E17FC7012F269364000D0F45 /* Project object */;
			proxyType = 1;
			remoteGlobalIDString = E17FC7082F269364000D0F45;
			remoteInfo = LockWork;
		};
		E17FC7242F269367000D0F45 /* PBXContainerItemProxy */ = {
			isa = PBXContainerItemProxy;
			containerPortal = E17FC7012F269364000D0F45 /* Project object */;
			proxyType = 1;
			remoteGlobalIDString = E17FC7082F269364000D0F45;
			remoteInfo = LockWork;
		};
/* End PBXContainerItemProxy section */

/* Begin PBXFileReference section */
		E17FC7092F269364000D0F45 /* LockWork.app */ = {isa = PBXFileReference; explicitFileType = wrapper.application; includeInIndex = 0; path = LockWork.app; sourceTree = BUILT_PRODUCTS_DIR; };
		E17FC70C2F269364000D0F45 /* LockWorkApp.swift */ = {isa = PBXFileReference; lastKnownFileType = sourcecode.swift; path = LockWorkApp.swift; sourceTree = "<group>"; };
		E17FC70E2F269364000D0F45 /* ContentView.swift */ = {isa = PBXFileReference; lastKnownFileType = sourcecode.swift; path = ContentView.swift; sourceTree = "<group>"; };
		E17FC7102F269367000D0F45 /* Assets.xcassets */ = {isa = PBXFileReference; lastKnownFileType = folder.assetcatalog; path = Assets.xcassets; sourceTree = "<group>"; };
		E17FC7132F269367000D0F45 /* Preview Assets.xcassets */ = {isa = PBXFileReference; lastKnownFileType = folder.assetcatalog; path = "Preview Assets.xcassets"; sourceTree = "<group>"; };
		E17FC7192F269367000D0F45 /* LockWorkTests.xctest */ = {isa = PBXFileReference; explicitFileType = wrapper.cfbundle; includeInIndex = 0; path = LockWorkTests.xctest; sourceTree = BUILT_PRODUCTS_DIR; };
		E17FC71D2F269367000D0F45 /* LockWorkTests.swift */ = {isa = PBXFileReference; lastKnownFileType = sourcecode.swift; path = LockWorkTests.swift; sourceTree = "<group>"; };
		E17FC7232F269367000D0F45 /* LockWorkUITests.xctest */ = {isa = PBXFileReference; explicitFileType = wrapper.cfbundle; includeInIndex = 0; path = LockWorkUITests.xctest; sourceTree = BUILT_PRODUCTS_DIR; };
		E17FC7272F269367000D0F45 /* LockWorkUITests.swift */ = {isa = PBXFileReference; lastKnownFileType = sourcecode.swift; path = LockWorkUITests.swift; sourceTree = "<group>"; };
		E17FC7292F269367000D0F45 /* LockWorkUITestsLaunchTests.swift */ = {isa = PBXFileReference; lastKnownFileType = sourcecode.swift; path = LockWorkUITestsLaunchTests.swift; sourceTree = "<group>"; };
		E17FC7362F26AB76000D0F45 /* PhoneVerificationView.swift */ = {isa = PBXFileReference; lastKnownFileType = sourcecode.swift; path = PhoneVerificationView.swift; sourceTree = "<group>"; };
		E17FC7382F26B462000D0F45 /* VerificationSuccess.swift */ = {isa = PBXFileReference; lastKnownFileType = sourcecode.swift; path = VerificationSuccess.swift; sourceTree = "<group>"; };
		E17FC73A2F26B5A9000D0F45 /* ProfileTrustSignalsOne.swift */ = {isa = PBXFileReference; lastKnownFileType = sourcecode.swift; path = ProfileTrustSignalsOne.swift; sourceTree = "<group>"; };
		E17FC73C2F26B76D000D0F45 /* ProfileTrustSignalsTwo.swift */ = {isa = PBXFileReference; lastKnownFileType = sourcecode.swift; path = ProfileTrustSignalsTwo.swift; sourceTree = "<group>"; };
		E17FC73E2F26B804000D0F45 /* ProfileTrustSignalsThree.swift */ = {isa = PBXFileReference; lastKnownFileType = sourcecode.swift; path = ProfileTrustSignalsThree.swift; sourceTree = "<group>"; };
		E17FC7402F27D57F000D0F45 /* DiscoveryAndMatching.swift */ = {isa = PBXFileReference; lastKnownFileType = sourcecode.swift; path = DiscoveryAndMatching.swift; sourceTree = "<group>"; };
		E17FC7422F27D9FF000D0F45 /* DiscoveryAndMatchingLocation.swift */ = {isa = PBXFileReference; lastKnownFileType = sourcecode.swift; path = DiscoveryAndMatchingLocation.swift; sourceTree = "<group>"; };
		E17FC7442F27DA33000D0F45 /* DiscoveryAndMatchingResults.swift */ = {isa = PBXFileReference; lastKnownFileType = sourcecode.swift; path = DiscoveryAndMatchingResults.swift; sourceTree = "<group>"; };
		E17FC7462F27DA62000D0F45 /* InteractionAndSchedulingPage.swift */ = {isa = PBXFileReference; lastKnownFileType = sourcecode.swift; path = InteractionAndSchedulingPage.swift; sourceTree = "<group>"; };
		E17FC7482F27DA8D000D0F45 /* InteractionAndSchedulingTwo.swift */ = {isa = PBXFileReference; lastKnownFileType = sourcecode.swift; path = InteractionAndSchedulingTwo.swift; sourceTree = "<group>"; };
		E17FC74A2F27DAAA000D0F45 /* InteractionAndSchedulingThree.swift */ = {isa = PBXFileReference; lastKnownFileType = sourcecode.swift; path = InteractionAndSchedulingThree.swift; sourceTree = "<group>"; };
		E17FC74C2F27DAF5000D0F45 /* MessagingPartOne.swift */ = {isa = PBXFileReference; lastKnownFileType = sourcecode.swift; path = MessagingPartOne.swift; sourceTree = "<group>"; };
		E17FC74F2F27FC53000D0F45 /* MessagingChatHistory.swift */ = {isa = PBXFileReference; lastKnownFileType = sourcecode.swift; path = MessagingChatHistory.swift; sourceTree = "<group>"; };
		E17FC7522F281136000D0F45 /* TitleRow.swift */ = {isa = PBXFileReference; lastKnownFileType = sourcecode.swift; path = TitleRow.swift; sourceTree = "<group>"; };
		E17FC7552F2A6C39000D0F45 /* Message.swift */ = {isa = PBXFileReference; lastKnownFileType = sourcecode.swift; path = Message.swift; sourceTree = "<group>"; };
		E17FC7572F2A6F7C000D0F45 /* MessageBubble.swift */ = {isa = PBXFileReference; lastKnownFileType = sourcecode.swift; path = MessageBubble.swift; sourceTree = "<group>"; };
		E17FC7592F2AE16A000D0F45 /* MessageField.swift */ = {isa = PBXFileReference; lastKnownFileType = sourcecode.swift; path = MessageField.swift; sourceTree = "<group>"; };
/* End PBXFileReference section */

/* Begin PBXFrameworksBuildPhase section */
		E17FC7062F269364000D0F45 /* Frameworks */ = {
			isa = PBXFrameworksBuildPhase;
			buildActionMask = 2147483647;
			files = (
			);
			runOnlyForDeploymentPostprocessing = 0;
		};
		E17FC7162F269367000D0F45 /* Frameworks */ = {
			isa = PBXFrameworksBuildPhase;
			buildActionMask = 2147483647;
			files = (
			);
			runOnlyForDeploymentPostprocessing = 0;
		};
		E17FC7202F269367000D0F45 /* Frameworks */ = {
			isa = PBXFrameworksBuildPhase;
			buildActionMask = 2147483647;
			files = (
			);
			runOnlyForDeploymentPostprocessing = 0;
		};
/* End PBXFrameworksBuildPhase section */

/* Begin PBXGroup section */
		E17FC7002F269364000D0F45 = {
			isa = PBXGroup;
			children = (
				E17FC70B2F269364000D0F45 /* LockWork */,
				E17FC71C2F269367000D0F45 /* LockWorkTests */,
				E17FC7262F269367000D0F45 /* LockWorkUITests */,
				E17FC70A2F269364000D0F45 /* Products */,
			);
			sourceTree = "<group>";
		};
		E17FC70A2F269364000D0F45 /* Products */ = {
			isa = PBXGroup;
			children = (
				E17FC7092F269364000D0F45 /* LockWork.app */,
				E17FC7192F269367000D0F45 /* LockWorkTests.xctest */,
				E17FC7232F269367000D0F45 /* LockWorkUITests.xctest */,
			);
			name = Products;
			sourceTree = "<group>";
		};
		E17FC70B2F269364000D0F45 /* LockWork */ = {
			isa = PBXGroup;
			children = (
				E17FC70C2F269364000D0F45 /* LockWorkApp.swift */,
				E17FC70E2F269364000D0F45 /* ContentView.swift */,
				E17FC7362F26AB76000D0F45 /* PhoneVerificationView.swift */,
				E17FC7382F26B462000D0F45 /* VerificationSuccess.swift */,
				E17FC73A2F26B5A9000D0F45 /* ProfileTrustSignalsOne.swift */,
				E17FC73C2F26B76D000D0F45 /* ProfileTrustSignalsTwo.swift */,
				E17FC73E2F26B804000D0F45 /* ProfileTrustSignalsThree.swift */,
				E17FC7402F27D57F000D0F45 /* DiscoveryAndMatching.swift */,
				E17FC7422F27D9FF000D0F45 /* DiscoveryAndMatchingLocation.swift */,
				E17FC7442F27DA33000D0F45 /* DiscoveryAndMatchingResults.swift */,
				E17FC7462F27DA62000D0F45 /* InteractionAndSchedulingPage.swift */,
				E17FC7482F27DA8D000D0F45 /* InteractionAndSchedulingTwo.swift */,
				E17FC74A2F27DAAA000D0F45 /* InteractionAndSchedulingThree.swift */,
				E17FC74C2F27DAF5000D0F45 /* MessagingPartOne.swift */,
				E17FC74F2F27FC53000D0F45 /* MessagingChatHistory.swift */,
				E17FC7542F2A6BB5000D0F45 /* Models */,
				E17FC7512F280F76000D0F45 /* Components */,
				E17FC7102F269367000D0F45 /* Assets.xcassets */,
				E17FC7122F269367000D0F45 /* Preview Content */,
			);
			path = LockWork;
			sourceTree = "<group>";
		};
		E17FC7122F269367000D0F45 /* Preview Content */ = {
			isa = PBXGroup;
			children = (
				E17FC74E2F27E902000D0F45 /* New Group */,
				E17FC7132F269367000D0F45 /* Preview Assets.xcassets */,
			);
			path = "Preview Content";
			sourceTree = "<group>";
		};
		E17FC71C2F269367000D0F45 /* LockWorkTests */ = {
			isa = PBXGroup;
			children = (
				E17FC71D2F269367000D0F45 /* LockWorkTests.swift */,
			);
			path = LockWorkTests;
			sourceTree = "<group>";
		};
		E17FC7262F269367000D0F45 /* LockWorkUITests */ = {
			isa = PBXGroup;
			children = (
				E17FC7272F269367000D0F45 /* LockWorkUITests.swift */,
				E17FC7292F269367000D0F45 /* LockWorkUITestsLaunchTests.swift */,
			);
			path = LockWorkUITests;
			sourceTree = "<group>";
		};
		E17FC74E2F27E902000D0F45 /* New Group */ = {
			isa = PBXGroup;
			children = (
			);
			path = "New Group";
			sourceTree = "<group>";
		};
		E17FC7512F280F76000D0F45 /* Components */ = {
			isa = PBXGroup;
			children = (
				E17FC7522F281136000D0F45 /* TitleRow.swift */,
				E17FC7572F2A6F7C000D0F45 /* MessageBubble.swift */,
				E17FC7592F2AE16A000D0F45 /* MessageField.swift */,
			);
			path = Components;
			sourceTree = "<group>";
		};
		E17FC7542F2A6BB5000D0F45 /* Models */ = {
			isa = PBXGroup;
			children = (
				E17FC7552F2A6C39000D0F45 /* Message.swift */,
			);
			path = Models;
			sourceTree = "<group>";
		};
/* End PBXGroup section */

/* Begin PBXNativeTarget section */
		E17FC7082F269364000D0F45 /* LockWork */ = {
			isa = PBXNativeTarget;
			buildConfigurationList = E17FC72D2F269367000D0F45 /* Build configuration list for PBXNativeTarget "LockWork" */;
			buildPhases = (
				E17FC7052F269364000D0F45 /* Sources */,
				E17FC7062F269364000D0F45 /* Frameworks */,
				E17FC7072F269364000D0F45 /* Resources */,
			);
			buildRules = (
			);
			dependencies = (
			);
			name = LockWork;
			productName = LockWork;
			productReference = E17FC7092F269364000D0F45 /* LockWork.app */;
			productType = "com.apple.product-type.application";
		};
		E17FC7182F269367000D0F45 /* LockWorkTests */ = {
			isa = PBXNativeTarget;
			buildConfigurationList = E17FC7302F269367000D0F45 /* Build configuration list for PBXNativeTarget "LockWorkTests" */;
			buildPhases = (
				E17FC7152F269367000D0F45 /* Sources */,
				E17FC7162F269367000D0F45 /* Frameworks */,
				E17FC7172F269367000D0F45 /* Resources */,
			);
			buildRules = (
			);
			dependencies = (
				E17FC71B2F269367000D0F45 /* PBXTargetDependency */,
			);
			name = LockWorkTests;
			productName = LockWorkTests;
			productReference = E17FC7192F269367000D0F45 /* LockWorkTests.xctest */;
			productType = "com.apple.product-type.bundle.unit-test";
		};
		E17FC7222F269367000D0F45 /* LockWorkUITests */ = {
			isa = PBXNativeTarget;
			buildConfigurationList = E17FC7332F269367000D0F45 /* Build configuration list for PBXNativeTarget "LockWorkUITests" */;
			buildPhases = (
				E17FC71F2F269367000D0F45 /* Sources */,
				E17FC7202F269367000D0F45 /* Frameworks */,
				E17FC7212F269367000D0F45 /* Resources */,
			);
			buildRules = (
			);
			dependencies = (
				E17FC7252F269367000D0F45 /* PBXTargetDependency */,
			);
			name = LockWorkUITests;
			productName = LockWorkUITests;
			productReference = E17FC7232F269367000D0F45 /* LockWorkUITests.xctest */;
			productType = "com.apple.product-type.bundle.ui-testing";
		};
/* End PBXNativeTarget section */

/* Begin PBXProject section */
		E17FC7012F269364000D0F45 /* Project object */ = {
			isa = PBXProject;
			attributes = {
				BuildIndependentTargetsInParallel = 1;
				LastSwiftUpdateCheck = 1520;
				LastUpgradeCheck = 1520;
				TargetAttributes = {
					E17FC7082F269364000D0F45 = {
						CreatedOnToolsVersion = 15.2;
					};
					E17FC7182F269367000D0F45 = {
						CreatedOnToolsVersion = 15.2;
						TestTargetID = E17FC7082F269364000D0F45;
					};
					E17FC7222F269367000D0F45 = {
						CreatedOnToolsVersion = 15.2;
						TestTargetID = E17FC7082F269364000D0F45;
					};
				};
			};
			buildConfigurationList = E17FC7042F269364000D0F45 /* Build configuration list for PBXProject "LockWork" */;
			compatibilityVersion = "Xcode 14.0";
			developmentRegion = en;
			hasScannedForEncodings = 0;
			knownRegions = (
				en,
				Base,
			);
			mainGroup = E17FC7002F269364000D0F45;
			productRefGroup = E17FC70A2F269364000D0F45 /* Products */;
			projectDirPath = "";
			projectRoot = "";
			targets = (
				E17FC7082F269364000D0F45 /* LockWork */,
				E17FC7182F269367000D0F45 /* LockWorkTests */,
				E17FC7222F269367000D0F45 /* LockWorkUITests */,
			);
		};
/* End PBXProject section */

/* Begin PBXResourcesBuildPhase section */
		E17FC7072F269364000D0F45 /* Resources */ = {
			isa = PBXResourcesBuildPhase;
			buildActionMask = 2147483647;
			files = (
				E17FC7142F269367000D0F45 /* Preview Assets.xcassets in Resources */,
				E17FC7112F269367000D0F45 /* Assets.xcassets in Resources */,
			);
			runOnlyForDeploymentPostprocessing = 0;
		};
		E17FC7172F269367000D0F45 /* Resources */ = {
			isa = PBXResourcesBuildPhase;
			buildActionMask = 2147483647;
			files = (
			);
			runOnlyForDeploymentPostprocessing = 0;
		};
		E17FC7212F269367000D0F45 /* Resources */ = {
			isa = PBXResourcesBuildPhase;
			buildActionMask = 2147483647;
			files = (
			);
			runOnlyForDeploymentPostprocessing = 0;
		};
/* End PBXResourcesBuildPhase section */

/* Begin PBXSourcesBuildPhase section */
		E17FC7052F269364000D0F45 /* Sources */ = {
			isa = PBXSourcesBuildPhase;
			buildActionMask = 2147483647;
			files = (
				E17FC7392F26B462000D0F45 /* VerificationSuccess.swift in Sources */,
				E17FC70F2F269364000D0F45 /* ContentView.swift in Sources */,
				E17FC74B2F27DAAA000D0F45 /* InteractionAndSchedulingThree.swift in Sources */,
				E17FC7562F2A6C39000D0F45 /* Message.swift in Sources */,
				E17FC7532F281136000D0F45 /* TitleRow.swift in Sources */,
				E17FC7472F27DA62000D0F45 /* InteractionAndSchedulingPage.swift in Sources */,
				E17FC70D2F269364000D0F45 /* LockWorkApp.swift in Sources */,
				E17FC7412F27D57F000D0F45 /* DiscoveryAndMatching.swift in Sources */,
				E17FC7492F27DA8D000D0F45 /* InteractionAndSchedulingTwo.swift in Sources */,
				E17FC75A2F2AE16A000D0F45 /* MessageField.swift in Sources */,
				E17FC7452F27DA33000D0F45 /* DiscoveryAndMatchingResults.swift in Sources */,
				E17FC73D2F26B76D000D0F45 /* ProfileTrustSignalsTwo.swift in Sources */,
				E17FC73B2F26B5A9000D0F45 /* ProfileTrustSignalsOne.swift in Sources */,
				E17FC74D2F27DAF5000D0F45 /* MessagingPartOne.swift in Sources */,
				E17FC7582F2A6F7C000D0F45 /* MessageBubble.swift in Sources */,
				E17FC7372F26AB76000D0F45 /* PhoneVerificationView.swift in Sources */,
				E17FC73F2F26B804000D0F45 /* ProfileTrustSignalsThree.swift in Sources */,
				E17FC7502F27FC53000D0F45 /* MessagingChatHistory.swift in Sources */,
				E17FC7432F27D9FF000D0F45 /* DiscoveryAndMatchingLocation.swift in Sources */,
			);
			runOnlyForDeploymentPostprocessing = 0;
		};
		E17FC7152F269367000D0F45 /* Sources */ = {
			isa = PBXSourcesBuildPhase;
			buildActionMask = 2147483647;
			files = (
				E17FC71E2F269367000D0F45 /* LockWorkTests.swift in Sources */,
			);
			runOnlyForDeploymentPostprocessing = 0;
		};
		E17FC71F2F269367000D0F45 /* Sources */ = {
			isa = PBXSourcesBuildPhase;
			buildActionMask = 2147483647;
			files = (
				E17FC72A2F269367000D0F45 /* LockWorkUITestsLaunchTests.swift in Sources */,
				E17FC7282F269367000D0F45 /* LockWorkUITests.swift in Sources */,
			);
			runOnlyForDeploymentPostprocessing = 0;
		};
/* End PBXSourcesBuildPhase section */

/* Begin PBXTargetDependency section */
		E17FC71B2F269367000D0F45 /* PBXTargetDependency */ = {
			isa = PBXTargetDependency;
			target = E17FC7082F269364000D0F45 /* LockWork */;
			targetProxy = E17FC71A2F269367000D0F45 /* PBXContainerItemProxy */;
		};
		E17FC7252F269367000D0F45 /* PBXTargetDependency */ = {
			isa = PBXTargetDependency;
			target = E17FC7082F269364000D0F45 /* LockWork */;
			targetProxy = E17FC7242F269367000D0F45 /* PBXContainerItemProxy */;
		};
/* End PBXTargetDependency section */

/* Begin XCBuildConfiguration section */
		E17FC72B2F269367000D0F45 /* Debug */ = {
			isa = XCBuildConfiguration;
			buildSettings = {
				ALWAYS_SEARCH_USER_PATHS = NO;
				ASSETCATALOG_COMPILER_GENERATE_SWIFT_ASSET_SYMBOL_EXTENSIONS = YES;
				CLANG_ANALYZER_NONNULL = YES;
				CLANG_ANALYZER_NUMBER_OBJECT_CONVERSION = YES_AGGRESSIVE;
				CLANG_CXX_LANGUAGE_STANDARD = "gnu++20";
				CLANG_ENABLE_MODULES = YES;
				CLANG_ENABLE_OBJC_ARC = YES;
				CLANG_ENABLE_OBJC_WEAK = YES;
				CLANG_WARN_BLOCK_CAPTURE_AUTORELEASING = YES;
				CLANG_WARN_BOOL_CONVERSION = YES;
				CLANG_WARN_COMMA = YES;
				CLANG_WARN_CONSTANT_CONVERSION = YES;
				CLANG_WARN_DEPRECATED_OBJC_IMPLEMENTATIONS = YES;
				CLANG_WARN_DIRECT_OBJC_ISA_USAGE = YES_ERROR;
				CLANG_WARN_DOCUMENTATION_COMMENTS = YES;
				CLANG_WARN_EMPTY_BODY = YES;
				CLANG_WARN_ENUM_CONVERSION = YES;
				CLANG_WARN_INFINITE_RECURSION = YES;
				CLANG_WARN_INT_CONVERSION = YES;
				CLANG_WARN_NON_LITERAL_NULL_CONVERSION = YES;
				CLANG_WARN_OBJC_IMPLICIT_RETAIN_SELF = YES;
				CLANG_WARN_OBJC_LITERAL_CONVERSION = YES;
				CLANG_WARN_OBJC_ROOT_CLASS = YES_ERROR;
				CLANG_WARN_QUOTED_INCLUDE_IN_FRAMEWORK_HEADER = YES;
				CLANG_WARN_RANGE_LOOP_ANALYSIS = YES;
				CLANG_WARN_STRICT_PROTOTYPES = YES;
				CLANG_WARN_SUSPICIOUS_MOVE = YES;
				CLANG_WARN_UNGUARDED_AVAILABILITY = YES_AGGRESSIVE;
				CLANG_WARN_UNREACHABLE_CODE = YES;
				CLANG_WARN__DUPLICATE_METHOD_MATCH = YES;
				COPY_PHASE_STRIP = NO;
				DEBUG_INFORMATION_FORMAT = dwarf;
				ENABLE_STRICT_OBJC_MSGSEND = YES;
				ENABLE_TESTABILITY = YES;
				ENABLE_USER_SCRIPT_SANDBOXING = YES;
				GCC_C_LANGUAGE_STANDARD = gnu17;
				GCC_DYNAMIC_NO_PIC = NO;
				GCC_NO_COMMON_BLOCKS = YES;
				GCC_OPTIMIZATION_LEVEL = 0;
				GCC_PREPROCESSOR_DEFINITIONS = (
					"DEBUG=1",
					"$(inherited)",
				);
				GCC_WARN_64_TO_32_BIT_CONVERSION = YES;
				GCC_WARN_ABOUT_RETURN_TYPE = YES_ERROR;
				GCC_WARN_UNDECLARED_SELECTOR = YES;
				GCC_WARN_UNINITIALIZED_AUTOS = YES_AGGRESSIVE;
				GCC_WARN_UNUSED_FUNCTION = YES;
				GCC_WARN_UNUSED_VARIABLE = YES;
				IPHONEOS_DEPLOYMENT_TARGET = 17.2;
				LOCALIZATION_PREFERS_STRING_CATALOGS = YES;
				MTL_ENABLE_DEBUG_INFO = INCLUDE_SOURCE;
				MTL_FAST_MATH = YES;
				ONLY_ACTIVE_ARCH = YES;
				SDKROOT = iphoneos;
				SWIFT_ACTIVE_COMPILATION_CONDITIONS = "DEBUG $(inherited)";
				SWIFT_OPTIMIZATION_LEVEL = "-Onone";
			};
			name = Debug;
		};
		E17FC72C2F269367000D0F45 /* Release */ = {
			isa = XCBuildConfiguration;
			buildSettings = {
				ALWAYS_SEARCH_USER_PATHS = NO;
				ASSETCATALOG_COMPILER_GENERATE_SWIFT_ASSET_SYMBOL_EXTENSIONS = YES;
				CLANG_ANALYZER_NONNULL = YES;
				CLANG_ANALYZER_NUMBER_OBJECT_CONVERSION = YES_AGGRESSIVE;
				CLANG_CXX_LANGUAGE_STANDARD = "gnu++20";
				CLANG_ENABLE_MODULES = YES;
				CLANG_ENABLE_OBJC_ARC = YES;
				CLANG_ENABLE_OBJC_WEAK = YES;
				CLANG_WARN_BLOCK_CAPTURE_AUTORELEASING = YES;
				CLANG_WARN_BOOL_CONVERSION = YES;
				CLANG_WARN_COMMA = YES;
				CLANG_WARN_CONSTANT_CONVERSION = YES;
				CLANG_WARN_DEPRECATED_OBJC_IMPLEMENTATIONS = YES;
				CLANG_WARN_DIRECT_OBJC_ISA_USAGE = YES_ERROR;
				CLANG_WARN_DOCUMENTATION_COMMENTS = YES;
				CLANG_WARN_EMPTY_BODY = YES;
				CLANG_WARN_ENUM_CONVERSION = YES;
				CLANG_WARN_INFINITE_RECURSION = YES;
				CLANG_WARN_INT_CONVERSION = YES;
				CLANG_WARN_NON_LITERAL_NULL_CONVERSION = YES;
				CLANG_WARN_OBJC_IMPLICIT_RETAIN_SELF = YES;
				CLANG_WARN_OBJC_LITERAL_CONVERSION = YES;
				CLANG_WARN_OBJC_ROOT_CLASS = YES_ERROR;
				CLANG_WARN_QUOTED_INCLUDE_IN_FRAMEWORK_HEADER = YES;
				CLANG_WARN_RANGE_LOOP_ANALYSIS = YES;
				CLANG_WARN_STRICT_PROTOTYPES = YES;
				CLANG_WARN_SUSPICIOUS_MOVE = YES;
				CLANG_WARN_UNGUARDED_AVAILABILITY = YES_AGGRESSIVE;
				CLANG_WARN_UNREACHABLE_CODE = YES;
				CLANG_WARN__DUPLICATE_METHOD_MATCH = YES;
				COPY_PHASE_STRIP = NO;
				DEBUG_INFORMATION_FORMAT = "dwarf-with-dsym";
				ENABLE_NS_ASSERTIONS = NO;
				ENABLE_STRICT_OBJC_MSGSEND = YES;
				ENABLE_USER_SCRIPT_SANDBOXING = YES;
				GCC_C_LANGUAGE_STANDARD = gnu17;
				GCC_NO_COMMON_BLOCKS = YES;
				GCC_WARN_64_TO_32_BIT_CONVERSION = YES;
				GCC_WARN_ABOUT_RETURN_TYPE = YES_ERROR;
				GCC_WARN_UNDECLARED_SELECTOR = YES;
				GCC_WARN_UNINITIALIZED_AUTOS = YES_AGGRESSIVE;
				GCC_WARN_UNUSED_FUNCTION = YES;
				GCC_WARN_UNUSED_VARIABLE = YES;
				IPHONEOS_DEPLOYMENT_TARGET = 17.2;
				LOCALIZATION_PREFERS_STRING_CATALOGS = YES;
				MTL_ENABLE_DEBUG_INFO = NO;
				MTL_FAST_MATH = YES;
				SDKROOT = iphoneos;
				SWIFT_COMPILATION_MODE = wholemodule;
				VALIDATE_PRODUCT = YES;
			};
			name = Release;
		};
		E17FC72E2F269367000D0F45 /* Debug */ = {
			isa = XCBuildConfiguration;
			buildSettings = {
				ASSETCATALOG_COMPILER_APPICON_NAME = AppIcon;
				ASSETCATALOG_COMPILER_GLOBAL_ACCENT_COLOR_NAME = AccentColor;
				CODE_SIGN_STYLE = Automatic;
				CURRENT_PROJECT_VERSION = 1;
				DEVELOPMENT_ASSET_PATHS = "\"LockWork/Preview Content\"";
				ENABLE_PREVIEWS = YES;
				GENERATE_INFOPLIST_FILE = YES;
				INFOPLIST_KEY_UIApplicationSceneManifest_Generation = YES;
				INFOPLIST_KEY_UIApplicationSupportsIndirectInputEvents = YES;
				INFOPLIST_KEY_UILaunchScreen_Generation = YES;
				INFOPLIST_KEY_UISupportedInterfaceOrientations_iPad = "UIInterfaceOrientationPortrait UIInterfaceOrientationPortraitUpsideDown UIInterfaceOrientationLandscapeLeft UIInterfaceOrientationLandscapeRight";
				INFOPLIST_KEY_UISupportedInterfaceOrientations_iPhone = "UIInterfaceOrientationPortrait UIInterfaceOrientationLandscapeLeft UIInterfaceOrientationLandscapeRight";
				LD_RUNPATH_SEARCH_PATHS = (
					"$(inherited)",
					"@executable_path/Frameworks",
				);
				MARKETING_VERSION = 1.0;
				PRODUCT_BUNDLE_IDENTIFIER = "com.-Kat-.LockWork";
				PRODUCT_NAME = "$(TARGET_NAME)";
				SWIFT_EMIT_LOC_STRINGS = YES;
				SWIFT_VERSION = 5.0;
				TARGETED_DEVICE_FAMILY = "1,2";
			};
			name = Debug;
		};
		E17FC72F2F269367000D0F45 /* Release */ = {
			isa = XCBuildConfiguration;
			buildSettings = {
				ASSETCATALOG_COMPILER_APPICON_NAME = AppIcon;
				ASSETCATALOG_COMPILER_GLOBAL_ACCENT_COLOR_NAME = AccentColor;
				CODE_SIGN_STYLE = Automatic;
				CURRENT_PROJECT_VERSION = 1;
				DEVELOPMENT_ASSET_PATHS = "\"LockWork/Preview Content\"";
				ENABLE_PREVIEWS = YES;
				GENERATE_INFOPLIST_FILE = YES;
				INFOPLIST_KEY_UIApplicationSceneManifest_Generation = YES;
				INFOPLIST_KEY_UIApplicationSupportsIndirectInputEvents = YES;
				INFOPLIST_KEY_UILaunchScreen_Generation = YES;
				INFOPLIST_KEY_UISupportedInterfaceOrientations_iPad = "UIInterfaceOrientationPortrait UIInterfaceOrientationPortraitUpsideDown UIInterfaceOrientationLandscapeLeft UIInterfaceOrientationLandscapeRight";
				INFOPLIST_KEY_UISupportedInterfaceOrientations_iPhone = "UIInterfaceOrientationPortrait UIInterfaceOrientationLandscapeLeft UIInterfaceOrientationLandscapeRight";
				LD_RUNPATH_SEARCH_PATHS = (
					"$(inherited)",
					"@executable_path/Frameworks",
				);
				MARKETING_VERSION = 1.0;
				PRODUCT_BUNDLE_IDENTIFIER = "com.-Kat-.LockWork";
				PRODUCT_NAME = "$(TARGET_NAME)";
				SWIFT_EMIT_LOC_STRINGS = YES;
				SWIFT_VERSION = 5.0;
				TARGETED_DEVICE_FAMILY = "1,2";
			};
			name = Release;
		};
		E17FC7312F269367000D0F45 /* Debug */ = {
			isa = XCBuildConfiguration;
			buildSettings = {
				ALWAYS_EMBED_SWIFT_STANDARD_LIBRARIES = YES;
				BUNDLE_LOADER = "$(TEST_HOST)";
				CODE_SIGN_STYLE = Automatic;
				CURRENT_PROJECT_VERSION = 1;
				GENERATE_INFOPLIST_FILE = YES;
				IPHONEOS_DEPLOYMENT_TARGET = 17.2;
				MARKETING_VERSION = 1.0;
				PRODUCT_BUNDLE_IDENTIFIER = "com.-Kat-.LockWorkTests";
				PRODUCT_NAME = "$(TARGET_NAME)";
				SWIFT_EMIT_LOC_STRINGS = NO;
				SWIFT_VERSION = 5.0;
				TARGETED_DEVICE_FAMILY = "1,2";
				TEST_HOST = "$(BUILT_PRODUCTS_DIR)/LockWork.app/$(BUNDLE_EXECUTABLE_FOLDER_PATH)/LockWork";
			};
			name = Debug;
		};
		E17FC7322F269367000D0F45 /* Release */ = {
			isa = XCBuildConfiguration;
			buildSettings = {
				ALWAYS_EMBED_SWIFT_STANDARD_LIBRARIES = YES;
				BUNDLE_LOADER = "$(TEST_HOST)";
				CODE_SIGN_STYLE = Automatic;
				CURRENT_PROJECT_VERSION = 1;
				GENERATE_INFOPLIST_FILE = YES;
				IPHONEOS_DEPLOYMENT_TARGET = 17.2;
				MARKETING_VERSION = 1.0;
				PRODUCT_BUNDLE_IDENTIFIER = "com.-Kat-.LockWorkTests";
				PRODUCT_NAME = "$(TARGET_NAME)";
				SWIFT_EMIT_LOC_STRINGS = NO;
				SWIFT_VERSION = 5.0;
				TARGETED_DEVICE_FAMILY = "1,2";
				TEST_HOST = "$(BUILT_PRODUCTS_DIR)/LockWork.app/$(BUNDLE_EXECUTABLE_FOLDER_PATH)/LockWork";
			};
			name = Release;
		};
		E17FC7342F269367000D0F45 /* Debug */ = {
			isa = XCBuildConfiguration;
			buildSettings = {
				ALWAYS_EMBED_SWIFT_STANDARD_LIBRARIES = YES;
				CODE_SIGN_STYLE = Automatic;
				CURRENT_PROJECT_VERSION = 1;
				GENERATE_INFOPLIST_FILE = YES;
				MARKETING_VERSION = 1.0;
				PRODUCT_BUNDLE_IDENTIFIER = "com.-Kat-.LockWorkUITests";
				PRODUCT_NAME = "$(TARGET_NAME)";
				SWIFT_EMIT_LOC_STRINGS = NO;
				SWIFT_VERSION = 5.0;
				TARGETED_DEVICE_FAMILY = "1,2";
				TEST_TARGET_NAME = LockWork;
			};
			name = Debug;
		};
		E17FC7352F269367000D0F45 /* Release */ = {
			isa = XCBuildConfiguration;
			buildSettings = {
				ALWAYS_EMBED_SWIFT_STANDARD_LIBRARIES = YES;
				CODE_SIGN_STYLE = Automatic;
				CURRENT_PROJECT_VERSION = 1;
				GENERATE_INFOPLIST_FILE = YES;
				MARKETING_VERSION = 1.0;
				PRODUCT_BUNDLE_IDENTIFIER = "com.-Kat-.LockWorkUITests";
				PRODUCT_NAME = "$(TARGET_NAME)";
				SWIFT_EMIT_LOC_STRINGS = NO;
				SWIFT_VERSION = 5.0;
				TARGETED_DEVICE_FAMILY = "1,2";
				TEST_TARGET_NAME = LockWork;
			};
			name = Release;
		};
/* End XCBuildConfiguration section */

/* Begin XCConfigurationList section */
		E17FC7042F269364000D0F45 /* Build configuration list for PBXProject "LockWork" */ = {
			isa = XCConfigurationList;
			buildConfigurations = (
				E17FC72B2F269367000D0F45 /* Debug */,
				E17FC72C2F269367000D0F45 /* Release */,
			);
			defaultConfigurationIsVisible = 0;
			defaultConfigurationName = Release;
		};
		E17FC72D2F269367000D0F45 /* Build configuration list for PBXNativeTarget "LockWork" */ = {
			isa = XCConfigurationList;
			buildConfigurations = (
				E17FC72E2F269367000D0F45 /* Debug */,
				E17FC72F2F269367000D0F45 /* Release */,
			);
			defaultConfigurationIsVisible = 0;
			defaultConfigurationName = Release;
		};
		E17FC7302F269367000D0F45 /* Build configuration list for PBXNativeTarget "LockWorkTests" */ = {
			isa = XCConfigurationList;
			buildConfigurations = (
				E17FC7312F269367000D0F45 /* Debug */,
				E17FC7322F269367000D0F45 /* Release */,
			);
			defaultConfigurationIsVisible = 0;
			defaultConfigurationName = Release;
		};
		E17FC7332F269367000D0F45 /* Build configuration list for PBXNativeTarget "LockWorkUITests" */ = {
			isa = XCConfigurationList;
			buildConfigurations = (
				E17FC7342F269367000D0F45 /* Debug */,
				E17FC7352F269367000D0F45 /* Release */,
			);
			defaultConfigurationIsVisible = 0;
			defaultConfigurationName = Release;
		};
/* End XCConfigurationList section */
	};
	rootObject = E17FC7012F269364000D0F45 /* Project object */;
}
